
Microsoft Visual Studio Solution File, Format Version 12.00
# Visual Studio 15
VisualStudioVersion = 15.0.27703.2035
MinimumVisualStudioVersion = 10.0.40219.1
Project("{9A19103F-16F7-4668-BE54-9A1E7A4F7556}") = "CaseInsensitiveDynamicModelBinder", "CaseInsensitiveDynamicModelBinder\CaseInsensitiveDynamicModelBinder.csproj", "{8C2AE6D5-0C62-40B5-81EB-D2309B0C75F7}"
EndProject
Project("{9A19103F-16F7-4668-BE54-9A1E7A4F7556}") = "Sample.Web", "Sample.Web\Sample.Web.csproj", "{1535942B-23FD-4F82-839B-410938FBC492}"
EndProject
Global
	GlobalSection(SolutionConfigurationPlatforms) = preSolution
		Debug|Any CPU = Debug|Any CPU
		Release|Any CPU = Release|Any CPU
	EndGlobalSection
	GlobalSection(ProjectConfigurationPlatforms) = postSolution
		{8C2AE6D5-0C62-40B5-81EB-D2309B0C75F7}.Debug|Any CPU.ActiveCfg = Debug|Any CPU
		{8C2AE6D5-0C62-40B5-81EB-D2309B0C75F7}.Debug|Any CPU.Build.0 = Debug|Any CPU
		{8C2AE6D5-0C62-40B5-81EB-D2309B0C75F7}.Release|Any CPU.ActiveCfg = Release|Any CPU
		{8C2AE6D5-0C62-40B5-81EB-D2309B0C75F7}.Release|Any CPU.Build.0 = Release|Any CPU
		{1535942B-23FD-4F82-839B-410938FBC492}.Debug|Any CPU.ActiveCfg = Debug|Any CPU
		{1535942B-23FD-4F82-839B-410938FBC492}.Debug|Any CPU.Build.0 = Debug|Any CPU
		{1535942B-23FD-4F82-839B-410938FBC492}.Release|Any CPU.ActiveCfg = Release|Any CPU
		{1535942B-23FD-4F82-839B-410938FBC492}.Release|Any CPU.Build.0 = Release|Any CPU
	EndGlobalSection
	GlobalSection(SolutionProperties) = preSolution
		HideSolutionNode = FALSE
	EndGlobalSection
	GlobalSection(ExtensibilityGlobals) = postSolution
		SolutionGuid = {E48C14E9-64E3-4864-A3D6-2A2F5B62C417}
	EndGlobalSection
EndGlobal
